{
  "version": 4,
  "terraform_version": "1.5.7",
  "serial": 53,
  "lineage": "2b34d071-b493-f1d8-1cf9-26fb7001c486",
  "outputs": {
    "backend_ecr_repository_url": {
      "value": "970547381476.dkr.ecr.ap-south-1.amazonaws.com/cohere_toolkit_repo/cohere_backend_deployment",
      "type": "string"
    },
    "eks_cluster_name": {
      "value": "cohere-toolkit-cluster",
      "type": "string"
    },
    "frontend_ecr_repository_url": {
      "value": "970547381476.dkr.ecr.ap-south-1.amazonaws.com/cohere_toolkit_repo/cohere_frontend_deployment",
      "type": "string"
    },
    "node_group_name": {
      "value": "cohere-toolkit-node-group",
      "type": "string"
    }
  },
  "resources": [
    {
      "mode": "data",
      "type": "aws_availability_zones",
      "name": "available",
      "provider": "provider[\"registry.terraform.io/hashicorp/aws\"]",
      "instances": [
        {
          "schema_version": 0,
          "attributes": {
            "all_availability_zones": null,
            "exclude_names": null,
            "exclude_zone_ids": null,
            "filter": null,
            "group_names": [
              "ap-south-1"
            ],
            "id": "ap-south-1",
            "names": [
              "ap-south-1a",
              "ap-south-1b",
              "ap-south-1c"
            ],
            "state": "available",
            "timeouts": null,
            "zone_ids": [
              "aps1-az1",
              "aps1-az3",
              "aps1-az2"
            ]
          },
          "sensitive_attributes": []
        }
      ]
    },
    {
      "mode": "managed",
      "type": "aws_ecr_repository",
      "name": "cohere_backend_repo",
      "provider": "provider[\"registry.terraform.io/hashicorp/aws\"]",
      "instances": [
        {
          "schema_version": 0,
          "attributes": {
            "arn": "arn:aws:ecr:ap-south-1:970547381476:repository/cohere_toolkit_repo/cohere_backend_deployment",
            "encryption_configuration": [
              {
                "encryption_type": "AES256",
                "kms_key": ""
              }
            ],
            "force_delete": null,
            "id": "cohere_toolkit_repo/cohere_backend_deployment",
            "image_scanning_configuration": [
              {
                "scan_on_push": false
              }
            ],
            "image_tag_mutability": "MUTABLE",
            "name": "cohere_toolkit_repo/cohere_backend_deployment",
            "registry_id": "970547381476",
            "repository_url": "970547381476.dkr.ecr.ap-south-1.amazonaws.com/cohere_toolkit_repo/cohere_backend_deployment",
            "tags": {},
            "tags_all": {},
            "timeouts": null
          },
          "sensitive_attributes": [],
          "private": "eyJlMmJmYjczMC1lY2FhLTExZTYtOGY4OC0zNDM2M2JjN2M0YzAiOnsiZGVsZXRlIjoxMjAwMDAwMDAwMDAwfX0="
        }
      ]
    },
    {
      "mode": "managed",
      "type": "aws_ecr_repository",
      "name": "cohere_frontend_repo",
      "provider": "provider[\"registry.terraform.io/hashicorp/aws\"]",
      "instances": [
        {
          "schema_version": 0,
          "attributes": {
            "arn": "arn:aws:ecr:ap-south-1:970547381476:repository/cohere_toolkit_repo/cohere_frontend_deployment",
            "encryption_configuration": [
              {
                "encryption_type": "AES256",
                "kms_key": ""
              }
            ],
            "force_delete": null,
            "id": "cohere_toolkit_repo/cohere_frontend_deployment",
            "image_scanning_configuration": [
              {
                "scan_on_push": false
              }
            ],
            "image_tag_mutability": "MUTABLE",
            "name": "cohere_toolkit_repo/cohere_frontend_deployment",
            "registry_id": "970547381476",
            "repository_url": "970547381476.dkr.ecr.ap-south-1.amazonaws.com/cohere_toolkit_repo/cohere_frontend_deployment",
            "tags": {},
            "tags_all": {},
            "timeouts": null
          },
          "sensitive_attributes": [],
          "private": "eyJlMmJmYjczMC1lY2FhLTExZTYtOGY4OC0zNDM2M2JjN2M0YzAiOnsiZGVsZXRlIjoxMjAwMDAwMDAwMDAwfX0="
        }
      ]
    },
    {
      "mode": "managed",
      "type": "aws_eks_addon",
      "name": "coredns",
      "provider": "provider[\"registry.terraform.io/hashicorp/aws\"]",
      "instances": [
        {
          "status": "tainted",
          "schema_version": 0,
          "attributes": {
            "addon_name": "coredns",
            "addon_version": null,
            "arn": null,
            "cluster_name": "cohere-toolkit-cluster",
            "configuration_values": null,
            "created_at": null,
            "id": "cohere-toolkit-cluster:coredns",
            "modified_at": null,
            "preserve": null,
            "resolve_conflicts": null,
            "service_account_role_arn": null,
            "tags": null,
            "tags_all": null,
            "timeouts": null
          },
          "sensitive_attributes": [],
          "private": "eyJlMmJmYjczMC1lY2FhLTExZTYtOGY4OC0zNDM2M2JjN2M0YzAiOnsiY3JlYXRlIjoxMjAwMDAwMDAwMDAwLCJkZWxldGUiOjI0MDAwMDAwMDAwMDAsInVwZGF0ZSI6MTIwMDAwMDAwMDAwMH19",
          "dependencies": [
            "aws_eks_cluster.eks_cluster"
          ]
        }
      ]
    },
    {
      "mode": "managed",
      "type": "aws_eks_addon",
      "name": "kube_proxy",
      "provider": "provider[\"registry.terraform.io/hashicorp/aws\"]",
      "instances": [
        {
          "schema_version": 0,
          "attributes": {
            "addon_name": "kube-proxy",
            "addon_version": "v1.31.0-eksbuild.2",
            "arn": "arn:aws:eks:ap-south-1:970547381476:addon/cohere-toolkit-cluster/kube-proxy/c8c962c2-c7a0-ed12-dee5-873e54787c84",
            "cluster_name": "cohere-toolkit-cluster",
            "configuration_values": "",
            "created_at": "2024-10-25T21:11:57Z",
            "id": "cohere-toolkit-cluster:kube-proxy",
            "modified_at": "2024-10-25T21:12:05Z",
            "preserve": null,
            "resolve_conflicts": null,
            "service_account_role_arn": "",
            "tags": {},
            "tags_all": {},
            "timeouts": null
          },
          "sensitive_attributes": [],
          "private": "eyJlMmJmYjczMC1lY2FhLTExZTYtOGY4OC0zNDM2M2JjN2M0YzAiOnsiY3JlYXRlIjoxMjAwMDAwMDAwMDAwLCJkZWxldGUiOjI0MDAwMDAwMDAwMDAsInVwZGF0ZSI6MTIwMDAwMDAwMDAwMH19",
          "dependencies": [
            "aws_eks_cluster.eks_cluster",
            "aws_iam_role.eks_cluster_role",
            "aws_subnet.public",
            "aws_vpc.eks_vpc",
            "data.aws_availability_zones.available"
          ]
        }
      ]
    },
    {
      "mode": "managed",
      "type": "aws_eks_addon",
      "name": "vpc_cni",
      "provider": "provider[\"registry.terraform.io/hashicorp/aws\"]",
      "instances": [
        {
          "schema_version": 0,
          "attributes": {
            "addon_name": "vpc-cni",
            "addon_version": "v1.18.3-eksbuild.2",
            "arn": "arn:aws:eks:ap-south-1:970547381476:addon/cohere-toolkit-cluster/vpc-cni/c2c962c2-c79c-0977-2d7a-ac36b1231e5c",
            "cluster_name": "cohere-toolkit-cluster",
            "configuration_values": "",
            "created_at": "2024-10-25T21:11:57Z",
            "id": "cohere-toolkit-cluster:vpc-cni",
            "modified_at": "2024-10-25T21:12:06Z",
            "preserve": null,
            "resolve_conflicts": null,
            "service_account_role_arn": "",
            "tags": {},
            "tags_all": {},
            "timeouts": null
          },
          "sensitive_attributes": [],
          "private": "eyJlMmJmYjczMC1lY2FhLTExZTYtOGY4OC0zNDM2M2JjN2M0YzAiOnsiY3JlYXRlIjoxMjAwMDAwMDAwMDAwLCJkZWxldGUiOjI0MDAwMDAwMDAwMDAsInVwZGF0ZSI6MTIwMDAwMDAwMDAwMH19",
          "dependencies": [
            "aws_eks_cluster.eks_cluster",
            "aws_iam_role.eks_cluster_role",
            "aws_subnet.public",
            "aws_vpc.eks_vpc",
            "data.aws_availability_zones.available"
          ]
        }
      ]
    },
    {
      "mode": "managed",
      "type": "aws_eks_cluster",
      "name": "eks_cluster",
      "provider": "provider[\"registry.terraform.io/hashicorp/aws\"]",
      "instances": [
        {
          "schema_version": 0,
          "attributes": {
            "arn": "arn:aws:eks:ap-south-1:970547381476:cluster/cohere-toolkit-cluster",
            "certificate_authority": [
              {
                "data": "LS0tLS1CRUdJTiBDRVJUSUZJQ0FURS0tLS0tCk1JSURCVENDQWUyZ0F3SUJBZ0lJRE4vQTZES1c4YU13RFFZSktvWklodmNOQVFFTEJRQXdGVEVUTUJFR0ExVUUKQXhNS2EzVmlaWEp1WlhSbGN6QWVGdzB5TkRFd01qVXlNREl6TWpsYUZ3MHpOREV3TWpNeU1ESTRNamxhTUJVeApFekFSQmdOVkJBTVRDbXQxWW1WeWJtVjBaWE13Z2dFaU1BMEdDU3FHU0liM0RRRUJBUVVBQTRJQkR3QXdnZ0VLCkFvSUJBUURHTTJnN2hRb0lvTVFybmhuN0FzeCtmRVRxemtyQXEwbUlWNkZVczRiUUFjNmJOa2V2RFRQdFA1YVkKbWpHNU1RK3Bpd1lCSTA5eU5pckhCcHJDUjNYN1RFUXlYamMxZ3Rxb3FGQTM4UmR4MDBkcWowVm5sQWxxTEtrSQpxZmdaR0JOcS8zZndtcStnNzdzS1RPeCtzcWo2WHJQRm1kTnRnQTBkNnJLM013bDV1bCsxU3RuUkMrV1NScXRrCk81amlLTHdnTE1CNDB0ZnhzUW1zVHNaYVViNkQ2ZFBGVzJVMDBSbzZiVTJTek1IaTN5RWhtdnY5NWRxUmxJZGgKUTFSR1FRSjdFd1QwcEkrT2hrVHpQSTZmN2RBU0NHVVl5aHI1UCtPc3hQdXlzWGhSYk5ZUk5rVkhRaFpEOWxBQQowZ3dSWktmaDNHcTJJQllGdUFzWlRtK3pnZVA3QWdNQkFBR2pXVEJYTUE0R0ExVWREd0VCL3dRRUF3SUNwREFQCkJnTlZIUk1CQWY4RUJUQURBUUgvTUIwR0ExVWREZ1FXQkJTTGUyMG5YcEIyYzhkajRPOUdOSG9Lb2tsVzZqQVYKQmdOVkhSRUVEakFNZ2dwcmRXSmxjbTVsZEdWek1BMEdDU3FHU0liM0RRRUJDd1VBQTRJQkFRQmRoeTdYNlhkYwpqMXlwKy8zOTF0cHQydGtrZ1BaUG9IRE1OSm81OXB2UHBzd2djSDMvanlqMk9nemwzTWQ0ZmZtRGE2S3hGZXlECldGM3ZmTWJaa3JnMXlBV0h4eUtMQjFSa1liY1JIcTQvS2JieXhvMTY4NHhhdW1BZ3g3TXRKSW5JaVZhdDJhbTIKYUQ0cEE1T0pETVAwMHlKZkJxQnpxenhIMERPM1lIb0Q4Y0NhREMrVDJjL1hoWkV0WUJBeFRhS29JNlo3U0Z3cwo5a0xFdmYvQ0FIaHI1YWV5bnBJeDA4MGkyM2w0amhMTUkySnFHRmFFY3lmdEVTVytRSExtNU10TC9XMGwrZURKCmNmSjhoUTJKR1hkdk1qTkMyeDNqdGgydnQzbFFQZzg3R3p4N2o5WUZjeFR4WHZkRGtDSThyRDFOYTJmcDh5NVcKL3NybFArN3E1RVJkCi0tLS0tRU5EIENFUlRJRklDQVRFLS0tLS0K"
              }
            ],
            "cluster_id": null,
            "created_at": "2024-10-25 20:24:48.397 +0000 UTC",
            "enabled_cluster_log_types": [],
            "encryption_config": [],
            "endpoint": "https://FC34EAF3DCCD7351D7F0ED6EA9373F9D.gr7.ap-south-1.eks.amazonaws.com",
            "id": "cohere-toolkit-cluster",
            "identity": [
              {
                "oidc": [
                  {
                    "issuer": "https://oidc.eks.ap-south-1.amazonaws.com/id/FC34EAF3DCCD7351D7F0ED6EA9373F9D"
                  }
                ]
              }
            ],
            "kubernetes_network_config": [
              {
                "ip_family": "ipv4",
                "service_ipv4_cidr": "172.20.0.0/16",
                "service_ipv6_cidr": ""
              }
            ],
            "name": "cohere-toolkit-cluster",
            "outpost_config": [],
            "platform_version": "eks.6",
            "role_arn": "arn:aws:iam::970547381476:role/cohere-toolkit-cluster-role",
            "status": "ACTIVE",
            "tags": {},
            "tags_all": {},
            "timeouts": null,
            "version": "1.31",
            "vpc_config": [
              {
                "cluster_security_group_id": "sg-01ff7cba206ad5821",
                "endpoint_private_access": false,
                "endpoint_public_access": true,
                "public_access_cidrs": [
                  "0.0.0.0/0"
                ],
                "security_group_ids": [],
                "subnet_ids": [
                  "subnet-0281bb8491cd0d493",
                  "subnet-0a53f266a80790da2"
                ],
                "vpc_id": "vpc-0ca366834246ae918"
              }
            ]
          },
          "sensitive_attributes": [],
          "private": "eyJlMmJmYjczMC1lY2FhLTExZTYtOGY4OC0zNDM2M2JjN2M0YzAiOnsiY3JlYXRlIjoxODAwMDAwMDAwMDAwLCJkZWxldGUiOjkwMDAwMDAwMDAwMCwidXBkYXRlIjozNjAwMDAwMDAwMDAwfX0=",
          "dependencies": [
            "aws_iam_role.eks_cluster_role",
            "aws_subnet.public",
            "aws_vpc.eks_vpc",
            "data.aws_availability_zones.available"
          ]
        }
      ]
    },
    {
      "mode": "managed",
      "type": "aws_eks_node_group",
      "name": "eks_node_group",
      "provider": "provider[\"registry.terraform.io/hashicorp/aws\"]",
      "instances": [
        {
          "status": "tainted",
          "schema_version": 0,
          "attributes": {
            "ami_type": "AL2_ARM_64",
            "arn": null,
            "capacity_type": null,
            "cluster_name": "cohere-toolkit-cluster",
            "disk_size": null,
            "force_update_version": null,
            "id": "cohere-toolkit-cluster:cohere-toolkit-node-group",
            "instance_types": [
              "t4g.medium"
            ],
            "labels": null,
            "launch_template": [],
            "node_group_name": "cohere-toolkit-node-group",
            "node_group_name_prefix": null,
            "node_role_arn": "arn:aws:iam::970547381476:role/cohere-toolkit-node-group-role",
            "release_version": null,
            "remote_access": [],
            "resources": null,
            "scaling_config": [
              {
                "desired_size": 2,
                "max_size": 3,
                "min_size": 1
              }
            ],
            "status": null,
            "subnet_ids": [
              "subnet-0281bb8491cd0d493",
              "subnet-0a53f266a80790da2"
            ],
            "tags": null,
            "tags_all": null,
            "taint": [],
            "timeouts": null,
            "update_config": null,
            "version": null
          },
          "sensitive_attributes": [],
          "private": "eyJlMmJmYjczMC1lY2FhLTExZTYtOGY4OC0zNDM2M2JjN2M0YzAiOnsiY3JlYXRlIjozNjAwMDAwMDAwMDAwLCJkZWxldGUiOjM2MDAwMDAwMDAwMDAsInVwZGF0ZSI6MzYwMDAwMDAwMDAwMH19",
          "dependencies": [
            "aws_eks_cluster.eks_cluster",
            "aws_iam_role.eks_node_group_role",
            "aws_subnet.public"
          ]
        }
      ]
    },
    {
      "mode": "managed",
      "type": "aws_iam_role",
      "name": "eks_cluster_role",
      "provider": "provider[\"registry.terraform.io/hashicorp/aws\"]",
      "instances": [
        {
          "schema_version": 0,
          "attributes": {
            "arn": "arn:aws:iam::970547381476:role/cohere-toolkit-cluster-role",
            "assume_role_policy": "{\"Statement\":[{\"Action\":\"sts:AssumeRole\",\"Effect\":\"Allow\",\"Principal\":{\"Service\":\"eks.amazonaws.com\"}}],\"Version\":\"2012-10-17\"}",
            "create_date": "2024-10-25T20:24:35Z",
            "description": "",
            "force_detach_policies": false,
            "id": "cohere-toolkit-cluster-role",
            "inline_policy": [],
            "managed_policy_arns": [
              "arn:aws:iam::aws:policy/AmazonEKSClusterPolicy",
              "arn:aws:iam::aws:policy/AmazonEKSServicePolicy",
              "arn:aws:iam::aws:policy/service-role/AmazonEBSCSIDriverPolicy"
            ],
            "max_session_duration": 3600,
            "name": "cohere-toolkit-cluster-role",
            "name_prefix": "",
            "path": "/",
            "permissions_boundary": null,
            "role_last_used": [
              {
                "last_used_date": "2024-10-25T23:58:53Z",
                "region": "ap-south-1"
              }
            ],
            "tags": {},
            "tags_all": {},
            "unique_id": "AROA6D6JBYTSCXDRU4C6N"
          },
          "sensitive_attributes": [],
          "private": "bnVsbA=="
        }
      ]
    },
    {
      "mode": "managed",
      "type": "aws_iam_role",
      "name": "eks_node_group_role",
      "provider": "provider[\"registry.terraform.io/hashicorp/aws\"]",
      "instances": [
        {
          "schema_version": 0,
          "attributes": {
            "arn": "arn:aws:iam::970547381476:role/cohere-toolkit-node-group-role",
            "assume_role_policy": "{\"Statement\":[{\"Action\":\"sts:AssumeRole\",\"Effect\":\"Allow\",\"Principal\":{\"Service\":\"ec2.amazonaws.com\"}}],\"Version\":\"2012-10-17\"}",
            "create_date": "2024-10-25T20:24:34Z",
            "description": "",
            "force_detach_policies": false,
            "id": "cohere-toolkit-node-group-role",
            "inline_policy": [
              {
                "name": "MyInlinePolicy",
                "policy": "{\"Version\":\"2012-10-17\",\"Statement\":[{\"Action\":[\"ec2:CreateNetworkInterface\",\"ec2:AttachNetworkInterface\",\"ec2:DeleteNetworkInterface\",\"ec2:DescribeNetworkInterfaces\",\"ec2:AssignPrivateIpAddresses\",\"ec2:UnassignPrivateIpAddresses\",\"ec2:DescribeInstances\",\"ec2:DescribeSubnets\",\"ec2:DescribeSecurityGroups\",\"ec2:ModifyNetworkInterfaceAttribute\",\"ec2:DescribeTags\",\"ec2:CreateTags\",\"ec2:CreateVolume\",\"ec2:AttachVolume\",\"ec2:DeleteVolume\",\"ec2:DescribeVolumes\",\"ec2:ModifyVolume\"],\"Effect\":\"Allow\",\"Resource\":\"*\"}]}"
              }
            ],
            "managed_policy_arns": [
              "arn:aws:iam::aws:policy/AmazonEC2ContainerRegistryReadOnly",
              "arn:aws:iam::aws:policy/AmazonEKSWorkerNodePolicy",
              "arn:aws:iam::aws:policy/AmazonEKS_CNI_Policy",
              "arn:aws:iam::aws:policy/service-role/AmazonEBSCSIDriverPolicy"
            ],
            "max_session_duration": 3600,
            "name": "cohere-toolkit-node-group-role",
            "name_prefix": "",
            "path": "/",
            "permissions_boundary": null,
            "role_last_used": [
              {
                "last_used_date": "",
                "region": ""
              }
            ],
            "tags": {},
            "tags_all": {},
            "unique_id": "AROA6D6JBYTSEM6OPAOJ5"
          },
          "sensitive_attributes": [],
          "private": "bnVsbA=="
        }
      ]
    },
    {
      "mode": "managed",
      "type": "aws_iam_role_policy",
      "name": "my_inline_policy",
      "provider": "provider[\"registry.terraform.io/hashicorp/aws\"]",
      "instances": [
        {
          "schema_version": 0,
          "attributes": {
            "id": "cohere-toolkit-node-group-role:MyInlinePolicy",
            "name": "MyInlinePolicy",
            "name_prefix": null,
            "policy": "{\"Version\":\"2012-10-17\",\"Statement\":[{\"Action\":[\"ec2:CreateNetworkInterface\",\"ec2:AttachNetworkInterface\",\"ec2:DeleteNetworkInterface\",\"ec2:DescribeNetworkInterfaces\",\"ec2:AssignPrivateIpAddresses\",\"ec2:UnassignPrivateIpAddresses\",\"ec2:DescribeInstances\",\"ec2:DescribeSubnets\",\"ec2:DescribeSecurityGroups\",\"ec2:ModifyNetworkInterfaceAttribute\",\"ec2:DescribeTags\",\"ec2:CreateTags\",\"ec2:CreateVolume\",\"ec2:AttachVolume\",\"ec2:DeleteVolume\",\"ec2:DescribeVolumes\",\"ec2:ModifyVolume\"],\"Effect\":\"Allow\",\"Resource\":\"*\"}]}",
            "role": "cohere-toolkit-node-group-role"
          },
          "sensitive_attributes": [],
          "private": "bnVsbA==",
          "dependencies": [
            "aws_iam_role.eks_node_group_role"
          ]
        }
      ]
    },
    {
      "mode": "managed",
      "type": "aws_security_group",
      "name": "eks_security_group",
      "provider": "provider[\"registry.terraform.io/hashicorp/aws\"]",
      "instances": [
        {
          "schema_version": 1,
          "attributes": {
            "arn": "arn:aws:ec2:ap-south-1:970547381476:security-group/sg-074a962c53af7a2cb",
            "description": "Managed by Terraform",
            "egress": [],
            "id": "sg-074a962c53af7a2cb",
            "ingress": [],
            "name": "terraform-20241025202435783300000001",
            "name_prefix": "terraform-",
            "owner_id": "970547381476",
            "revoke_rules_on_delete": false,
            "tags": {},
            "tags_all": {},
            "timeouts": null,
            "vpc_id": "vpc-0ca366834246ae918"
          },
          "sensitive_attributes": [],
          "private": "eyJlMmJmYjczMC1lY2FhLTExZTYtOGY4OC0zNDM2M2JjN2M0YzAiOnsiY3JlYXRlIjo2MDAwMDAwMDAwMDAsImRlbGV0ZSI6OTAwMDAwMDAwMDAwfSwic2NoZW1hX3ZlcnNpb24iOiIxIn0=",
          "dependencies": [
            "aws_vpc.eks_vpc"
          ]
        }
      ]
    },
    {
      "mode": "managed",
      "type": "aws_subnet",
      "name": "public",
      "provider": "provider[\"registry.terraform.io/hashicorp/aws\"]",
      "instances": [
        {
          "index_key": 0,
          "schema_version": 1,
          "attributes": {
            "arn": "arn:aws:ec2:ap-south-1:970547381476:subnet/subnet-0a53f266a80790da2",
            "assign_ipv6_address_on_creation": false,
            "availability_zone": "ap-south-1a",
            "availability_zone_id": "aps1-az1",
            "cidr_block": "10.0.0.0/24",
            "customer_owned_ipv4_pool": "",
            "enable_dns64": false,
            "enable_lni_at_device_index": 0,
            "enable_resource_name_dns_a_record_on_launch": false,
            "enable_resource_name_dns_aaaa_record_on_launch": false,
            "id": "subnet-0a53f266a80790da2",
            "ipv6_cidr_block": "",
            "ipv6_cidr_block_association_id": "",
            "ipv6_native": false,
            "map_customer_owned_ip_on_launch": false,
            "map_public_ip_on_launch": true,
            "outpost_arn": "",
            "owner_id": "970547381476",
            "private_dns_hostname_type_on_launch": "ip-name",
            "tags": {},
            "tags_all": {},
            "timeouts": null,
            "vpc_id": "vpc-0ca366834246ae918"
          },
          "sensitive_attributes": [],
          "private": "eyJlMmJmYjczMC1lY2FhLTExZTYtOGY4OC0zNDM2M2JjN2M0YzAiOnsiY3JlYXRlIjo2MDAwMDAwMDAwMDAsImRlbGV0ZSI6MTIwMDAwMDAwMDAwMH0sInNjaGVtYV92ZXJzaW9uIjoiMSJ9",
          "dependencies": [
            "aws_vpc.eks_vpc",
            "data.aws_availability_zones.available"
          ]
        },
        {
          "index_key": 1,
          "schema_version": 1,
          "attributes": {
            "arn": "arn:aws:ec2:ap-south-1:970547381476:subnet/subnet-0281bb8491cd0d493",
            "assign_ipv6_address_on_creation": false,
            "availability_zone": "ap-south-1b",
            "availability_zone_id": "aps1-az3",
            "cidr_block": "10.0.1.0/24",
            "customer_owned_ipv4_pool": "",
            "enable_dns64": false,
            "enable_lni_at_device_index": 0,
            "enable_resource_name_dns_a_record_on_launch": false,
            "enable_resource_name_dns_aaaa_record_on_launch": false,
            "id": "subnet-0281bb8491cd0d493",
            "ipv6_cidr_block": "",
            "ipv6_cidr_block_association_id": "",
            "ipv6_native": false,
            "map_customer_owned_ip_on_launch": false,
            "map_public_ip_on_launch": true,
            "outpost_arn": "",
            "owner_id": "970547381476",
            "private_dns_hostname_type_on_launch": "ip-name",
            "tags": {},
            "tags_all": {},
            "timeouts": null,
            "vpc_id": "vpc-0ca366834246ae918"
          },
          "sensitive_attributes": [],
          "private": "eyJlMmJmYjczMC1lY2FhLTExZTYtOGY4OC0zNDM2M2JjN2M0YzAiOnsiY3JlYXRlIjo2MDAwMDAwMDAwMDAsImRlbGV0ZSI6MTIwMDAwMDAwMDAwMH0sInNjaGVtYV92ZXJzaW9uIjoiMSJ9",
          "dependencies": [
            "aws_vpc.eks_vpc",
            "data.aws_availability_zones.available"
          ]
        }
      ]
    },
    {
      "mode": "managed",
      "type": "aws_vpc",
      "name": "eks_vpc",
      "provider": "provider[\"registry.terraform.io/hashicorp/aws\"]",
      "instances": [
        {
          "schema_version": 1,
          "attributes": {
            "arn": "arn:aws:ec2:ap-south-1:970547381476:vpc/vpc-0ca366834246ae918",
            "assign_generated_ipv6_cidr_block": false,
            "cidr_block": "10.0.0.0/16",
            "default_network_acl_id": "acl-08e1c6fc495a35971",
            "default_route_table_id": "rtb-0745828a7edf151ab",
            "default_security_group_id": "sg-03c6b843e3e895869",
            "dhcp_options_id": "dopt-0711acee1ed66019c",
            "enable_classiclink": false,
            "enable_classiclink_dns_support": false,
            "enable_dns_hostnames": false,
            "enable_dns_support": true,
            "enable_network_address_usage_metrics": false,
            "id": "vpc-0ca366834246ae918",
            "instance_tenancy": "default",
            "ipv4_ipam_pool_id": null,
            "ipv4_netmask_length": null,
            "ipv6_association_id": "",
            "ipv6_cidr_block": "",
            "ipv6_cidr_block_network_border_group": "",
            "ipv6_ipam_pool_id": "",
            "ipv6_netmask_length": 0,
            "main_route_table_id": "rtb-0745828a7edf151ab",
            "owner_id": "970547381476",
            "tags": {},
            "tags_all": {}
          },
          "sensitive_attributes": [],
          "private": "eyJzY2hlbWFfdmVyc2lvbiI6IjEifQ=="
        }
      ]
    }
  ],
  "check_results": null
}
